
Microsoft Visual Studio Solution File, Format Version 12.00
# Visual Studio Version 16
VisualStudioVersion = 16.0.30002.166
MinimumVisualStudioVersion = 10.0.40219.1
Project("{FAE04EC0-301F-11D3-BF4B-00C04F79EFBC}") = "AppImc.UWP", "AppImc.UWP\AppImc.UWP.csproj", "{8451BFB6-A313-465E-9902-DAE6B030C89F}"
EndProject
Project("{FAE04EC0-301F-11D3-BF4B-00C04F79EFBC}") = "AppImc.Android", "AppImc.Android\AppImc.Android.csproj", "{3BEF5184-5992-4DB5-A999-04CA49F15539}"
EndProject
Project("{FAE04EC0-301F-11D3-BF4B-00C04F79EFBC}") = "AppImc.iOS", "AppImc.iOS\AppImc.iOS.csproj", "{4916C763-AE77-46C1-9076-65A1BBE2A5D2}"
EndProject
Project("{FAE04EC0-301F-11D3-BF4B-00C04F79EFBC}") = "AppImc", "AppImc\AppImc.csproj", "{DBABF9A9-1A63-4235-A736-0EC6A535F5CD}"
EndProject
Global
	GlobalSection(SolutionConfigurationPlatforms) = preSolution
		Debug|Any CPU = Debug|Any CPU
		Debug|ARM = Debug|ARM
		Debug|iPhone = Debug|iPhone
		Debug|iPhoneSimulator = Debug|iPhoneSimulator
		Debug|x64 = Debug|x64
		Debug|x86 = Debug|x86
		Release|Any CPU = Release|Any CPU
		Release|ARM = Release|ARM
		Release|iPhone = Release|iPhone
		Release|iPhoneSimulator = Release|iPhoneSimulator
		Release|x64 = Release|x64
		Release|x86 = Release|x86
	EndGlobalSection
	GlobalSection(ProjectConfigurationPlatforms) = postSolution
		{8451BFB6-A313-465E-9902-DAE6B030C89F}.Debug|Any CPU.ActiveCfg = Debug|x86
		{8451BFB6-A313-465E-9902-DAE6B030C89F}.Debug|Any CPU.Build.0 = Debug|x86
		{8451BFB6-A313-465E-9902-DAE6B030C89F}.Debug|Any CPU.Deploy.0 = Debug|x86
		{8451BFB6-A313-465E-9902-DAE6B030C89F}.Debug|ARM.ActiveCfg = Debug|ARM
		{8451BFB6-A313-465E-9902-DAE6B030C89F}.Debug|ARM.Build.0 = Debug|ARM
		{8451BFB6-A313-465E-9902-DAE6B030C89F}.Debug|ARM.Deploy.0 = Debug|ARM
		{8451BFB6-A313-465E-9902-DAE6B030C89F}.Debug|iPhone.ActiveCfg = Debug|x86
		{8451BFB6-A313-465E-9902-DAE6B030C89F}.Debug|iPhone.Build.0 = Debug|x86
		{8451BFB6-A313-465E-9902-DAE6B030C89F}.Debug|iPhone.Deploy.0 = Debug|x86
		{8451BFB6-A313-465E-9902-DAE6B030C89F}.Debug|iPhoneSimulator.ActiveCfg = Debug|x86
		{8451BFB6-A313-465E-9902-DAE6B030C89F}.Debug|iPhoneSimulator.Build.0 = Debug|x86
		{8451BFB6-A313-465E-9902-DAE6B030C89F}.Debug|iPhoneSimulator.Deploy.0 = Debug|x86
		{8451BFB6-A313-465E-9902-DAE6B030C89F}.Debug|x64.ActiveCfg = Debug|x64
		{8451BFB6-A313-465E-9902-DAE6B030C89F}.Debug|x64.Build.0 = Debug|x64
		{8451BFB6-A313-465E-9902-DAE6B030C89F}.Debug|x64.Deploy.0 = Debug|x64
		{8451BFB6-A313-465E-9902-DAE6B030C89F}.Debug|x86.ActiveCfg = Debug|x86
		{8451BFB6-A313-465E-9902-DAE6B030C89F}.Debug|x86.Build.0 = Debug|x86
		{8451BFB6-A313-465E-9902-DAE6B030C89F}.Debug|x86.Deploy.0 = Debug|x86
		{8451BFB6-A313-465E-9902-DAE6B030C89F}.Release|Any CPU.ActiveCfg = Release|x86
		{8451BFB6-A313-465E-9902-DAE6B030C89F}.Release|Any CPU.Build.0 = Release|x86
		{8451BFB6-A313-465E-9902-DAE6B030C89F}.Release|Any CPU.Deploy.0 = Release|x86
		{8451BFB6-A313-465E-9902-DAE6B030C89F}.Release|ARM.ActiveCfg = Release|ARM
		{8451BFB6-A313-465E-9902-DAE6B030C89F}.Release|ARM.Build.0 = Release|ARM
		{8451BFB6-A313-465E-9902-DAE6B030C89F}.Release|ARM.Deploy.0 = Release|ARM
		{8451BFB6-A313-465E-9902-DAE6B030C89F}.Release|iPhone.ActiveCfg = Release|x86
		{8451BFB6-A313-465E-9902-DAE6B030C89F}.Release|iPhone.Build.0 = Release|x86
		{8451BFB6-A313-465E-9902-DAE6B030C89F}.Release|iPhone.Deploy.0 = Release|x86
		{8451BFB6-A313-465E-9902-DAE6B030C89F}.Release|iPhoneSimulator.ActiveCfg = Release|x86
		{8451BFB6-A313-465E-9902-DAE6B030C89F}.Release|iPhoneSimulator.Build.0 = Release|x86
		{8451BFB6-A313-465E-9902-DAE6B030C89F}.Release|iPhoneSimulator.Deploy.0 = Release|x86
		{8451BFB6-A313-465E-9902-DAE6B030C89F}.Release|x64.ActiveCfg = Release|x64
		{8451BFB6-A313-465E-9902-DAE6B030C89F}.Release|x64.Build.0 = Release|x64
		{8451BFB6-A313-465E-9902-DAE6B030C89F}.Release|x64.Deploy.0 = Release|x64
		{8451BFB6-A313-465E-9902-DAE6B030C89F}.Release|x86.ActiveCfg = Release|x86
		{8451BFB6-A313-465E-9902-DAE6B030C89F}.Release|x86.Build.0 = Release|x86
		{8451BFB6-A313-465E-9902-DAE6B030C89F}.Release|x86.Deploy.0 = Release|x86
		{3BEF5184-5992-4DB5-A999-04CA49F15539}.Debug|Any CPU.ActiveCfg = Debug|Any CPU
		{3BEF5184-5992-4DB5-A999-04CA49F15539}.Debug|Any CPU.Build.0 = Debug|Any CPU
		{3BEF5184-5992-4DB5-A999-04CA49F15539}.Debug|Any CPU.Deploy.0 = Debug|Any CPU
		{3BEF5184-5992-4DB5-A999-04CA49F15539}.Debug|ARM.ActiveCfg = Debug|Any CPU
		{3BEF5184-5992-4DB5-A999-04CA49F15539}.Debug|ARM.Build.0 = Debug|Any CPU
		{3BEF5184-5992-4DB5-A999-04CA49F15539}.Debug|ARM.Deploy.0 = Debug|Any CPU
		{3BEF5184-5992-4DB5-A999-04CA49F15539}.Debug|iPhone.ActiveCfg = Debug|Any CPU
		{3BEF5184-5992-4DB5-A999-04CA49F15539}.Debug|iPhone.Build.0 = Debug|Any CPU
		{3BEF5184-5992-4DB5-A999-04CA49F15539}.Debug|iPhone.Deploy.0 = Debug|Any CPU
		{3BEF5184-5992-4DB5-A999-04CA49F15539}.Debug|iPhoneSimulator.ActiveCfg = Debug|Any CPU
		{3BEF5184-5992-4DB5-A999-04CA49F15539}.Debug|iPhoneSimulator.Build.0 = Debug|Any CPU
		{3BEF5184-5992-4DB5-A999-04CA49F15539}.Debug|iPhoneSimulator.Deploy.0 = Debug|Any CPU
		{3BEF5184-5992-4DB5-A999-04CA49F15539}.Debug|x64.ActiveCfg = Debug|Any CPU
		{3BEF5184-5992-4DB5-A999-04CA49F15539}.Debug|x64.Build.0 = Debug|Any CPU
		{3BEF5184-5992-4DB5-A999-04CA49F15539}.Debug|x64.Deploy.0 = Debug|Any CPU
		{3BEF5184-5992-4DB5-A999-04CA49F15539}.Debug|x86.ActiveCfg = Debug|Any CPU
		{3BEF5184-5992-4DB5-A999-04CA49F15539}.Debug|x86.Build.0 = Debug|Any CPU
		{3BEF5184-5992-4DB5-A999-04CA49F15539}.Debug|x86.Deploy.0 = Debug|Any CPU
		{3BEF5184-5992-4DB5-A999-04CA49F15539}.Release|Any CPU.ActiveCfg = Release|Any CPU
		{3BEF5184-5992-4DB5-A999-04CA49F15539}.Release|Any CPU.Build.0 = Release|Any CPU
		{3BEF5184-5992-4DB5-A999-04CA49F15539}.Release|Any CPU.Deploy.0 = Release|Any CPU
		{3BEF5184-5992-4DB5-A999-04CA49F15539}.Release|ARM.ActiveCfg = Release|Any CPU
		{3BEF5184-5992-4DB5-A999-04CA49F15539}.Release|ARM.Build.0 = Release|Any CPU
		{3BEF5184-5992-4DB5-A999-04CA49F15539}.Release|ARM.Deploy.0 = Release|Any CPU
		{3BEF5184-5992-4DB5-A999-04CA49F15539}.Release|iPhone.ActiveCfg = Release|Any CPU
		{3BEF5184-5992-4DB5-A999-04CA49F15539}.Release|iPhone.Build.0 = Release|Any CPU
		{3BEF5184-5992-4DB5-A999-04CA49F15539}.Release|iPhone.Deploy.0 = Release|Any CPU
		{3BEF5184-5992-4DB5-A999-04CA49F15539}.Release|iPhoneSimulator.ActiveCfg = Release|Any CPU
		{3BEF5184-5992-4DB5-A999-04CA49F15539}.Release|iPhoneSimulator.Build.0 = Release|Any CPU
		{3BEF5184-5992-4DB5-A999-04CA49F15539}.Release|iPhoneSimulator.Deploy.0 = Release|Any CPU
		{3BEF5184-5992-4DB5-A999-04CA49F15539}.Release|x64.ActiveCfg = Release|Any CPU
		{3BEF5184-5992-4DB5-A999-04CA49F15539}.Release|x64.Build.0 = Release|Any CPU
		{3BEF5184-5992-4DB5-A999-04CA49F15539}.Release|x64.Deploy.0 = Release|Any CPU
		{3BEF5184-5992-4DB5-A999-04CA49F15539}.Release|x86.ActiveCfg = Release|Any CPU
		{3BEF5184-5992-4DB5-A999-04CA49F15539}.Release|x86.Build.0 = Release|Any CPU
		{3BEF5184-5992-4DB5-A999-04CA49F15539}.Release|x86.Deploy.0 = Release|Any CPU
		{4916C763-AE77-46C1-9076-65A1BBE2A5D2}.Debug|Any CPU.ActiveCfg = Debug|iPhone
		{4916C763-AE77-46C1-9076-65A1BBE2A5D2}.Debug|Any CPU.Build.0 = Debug|iPhone
		{4916C763-AE77-46C1-9076-65A1BBE2A5D2}.Debug|Any CPU.Deploy.0 = Debug|iPhone
		{4916C763-AE77-46C1-9076-65A1BBE2A5D2}.Debug|ARM.ActiveCfg = Debug|iPhone
		{4916C763-AE77-46C1-9076-65A1BBE2A5D2}.Debug|ARM.Build.0 = Debug|iPhone
		{4916C763-AE77-46C1-9076-65A1BBE2A5D2}.Debug|ARM.Deploy.0 = Debug|iPhone
		{4916C763-AE77-46C1-9076-65A1BBE2A5D2}.Debug|iPhone.ActiveCfg = Debug|iPhone
		{4916C763-AE77-46C1-9076-65A1BBE2A5D2}.Debug|iPhone.Build.0 = Debug|iPhone
		{4916C763-AE77-46C1-9076-65A1BBE2A5D2}.Debug|iPhone.Deploy.0 = Debug|iPhone
		{4916C763-AE77-46C1-9076-65A1BBE2A5D2}.Debug|iPhoneSimulator.ActiveCfg = Debug|iPhoneSimulator
		{4916C763-AE77-46C1-9076-65A1BBE2A5D2}.Debug|iPhoneSimulator.Build.0 = Debug|iPhoneSimulator
		{4916C763-AE77-46C1-9076-65A1BBE2A5D2}.Debug|iPhoneSimulator.Deploy.0 = Debug|iPhoneSimulator
		{4916C763-AE77-46C1-9076-65A1BBE2A5D2}.Debug|x64.ActiveCfg = Debug|iPhone
		{4916C763-AE77-46C1-9076-65A1BBE2A5D2}.Debug|x64.Build.0 = Debug|iPhone
		{4916C763-AE77-46C1-9076-65A1BBE2A5D2}.Debug|x64.Deploy.0 = Debug|iPhone
		{4916C763-AE77-46C1-9076-65A1BBE2A5D2}.Debug|x86.ActiveCfg = Debug|iPhone
		{4916C763-AE77-46C1-9076-65A1BBE2A5D2}.Debug|x86.Build.0 = Debug|iPhone
		{4916C763-AE77-46C1-9076-65A1BBE2A5D2}.Debug|x86.Deploy.0 = Debug|iPhone
		{4916C763-AE77-46C1-9076-65A1BBE2A5D2}.Release|Any CPU.ActiveCfg = Release|iPhone
		{4916C763-AE77-46C1-9076-65A1BBE2A5D2}.Release|Any CPU.Build.0 = Release|iPhone
		{4916C763-AE77-46C1-9076-65A1BBE2A5D2}.Release|Any CPU.Deploy.0 = Release|iPhone
		{4916C763-AE77-46C1-9076-65A1BBE2A5D2}.Release|ARM.ActiveCfg = Release|iPhone
		{4916C763-AE77-46C1-9076-65A1BBE2A5D2}.Release|ARM.Build.0 = Release|iPhone
		{4916C763-AE77-46C1-9076-65A1BBE2A5D2}.Release|ARM.Deploy.0 = Release|iPhone
		{4916C763-AE77-46C1-9076-65A1BBE2A5D2}.Release|iPhone.ActiveCfg = Release|iPhone
		{4916C763-AE77-46C1-9076-65A1BBE2A5D2}.Release|iPhone.Build.0 = Release|iPhone
		{4916C763-AE77-46C1-9076-65A1BBE2A5D2}.Release|iPhone.Deploy.0 = Release|iPhone
		{4916C763-AE77-46C1-9076-65A1BBE2A5D2}.Release|iPhoneSimulator.ActiveCfg = Release|iPhoneSimulator
		{4916C763-AE77-46C1-9076-65A1BBE2A5D2}.Release|iPhoneSimulator.Build.0 = Release|iPhoneSimulator
		{4916C763-AE77-46C1-9076-65A1BBE2A5D2}.Release|iPhoneSimulator.Deploy.0 = Release|iPhoneSimulator
		{4916C763-AE77-46C1-9076-65A1BBE2A5D2}.Release|x64.ActiveCfg = Release|iPhone
		{4916C763-AE77-46C1-9076-65A1BBE2A5D2}.Release|x64.Build.0 = Release|iPhone
		{4916C763-AE77-46C1-9076-65A1BBE2A5D2}.Release|x64.Deploy.0 = Release|iPhone
		{4916C763-AE77-46C1-9076-65A1BBE2A5D2}.Release|x86.ActiveCfg = Release|iPhone
		{4916C763-AE77-46C1-9076-65A1BBE2A5D2}.Release|x86.Build.0 = Release|iPhone
		{4916C763-AE77-46C1-9076-65A1BBE2A5D2}.Release|x86.Deploy.0 = Release|iPhone
		{DBABF9A9-1A63-4235-A736-0EC6A535F5CD}.Debug|Any CPU.ActiveCfg = Debug|Any CPU
		{DBABF9A9-1A63-4235-A736-0EC6A535F5CD}.Debug|Any CPU.Build.0 = Debug|Any CPU
		{DBABF9A9-1A63-4235-A736-0EC6A535F5CD}.Debug|Any CPU.Deploy.0 = Debug|Any CPU
		{DBABF9A9-1A63-4235-A736-0EC6A535F5CD}.Debug|ARM.ActiveCfg = Debug|Any CPU
		{DBABF9A9-1A63-4235-A736-0EC6A535F5CD}.Debug|ARM.Build.0 = Debug|Any CPU
		{DBABF9A9-1A63-4235-A736-0EC6A535F5CD}.Debug|ARM.Deploy.0 = Debug|Any CPU
		{DBABF9A9-1A63-4235-A736-0EC6A535F5CD}.Debug|iPhone.ActiveCfg = Debug|Any CPU
		{DBABF9A9-1A63-4235-A736-0EC6A535F5CD}.Debug|iPhone.Build.0 = Debug|Any CPU
		{DBABF9A9-1A63-4235-A736-0EC6A535F5CD}.Debug|iPhone.Deploy.0 = Debug|Any CPU
		{DBABF9A9-1A63-4235-A736-0EC6A535F5CD}.Debug|iPhoneSimulator.ActiveCfg = Debug|Any CPU
		{DBABF9A9-1A63-4235-A736-0EC6A535F5CD}.Debug|iPhoneSimulator.Build.0 = Debug|Any CPU
		{DBABF9A9-1A63-4235-A736-0EC6A535F5CD}.Debug|iPhoneSimulator.Deploy.0 = Debug|Any CPU
		{DBABF9A9-1A63-4235-A736-0EC6A535F5CD}.Debug|x64.ActiveCfg = Debug|Any CPU
		{DBABF9A9-1A63-4235-A736-0EC6A535F5CD}.Debug|x64.Build.0 = Debug|Any CPU
		{DBABF9A9-1A63-4235-A736-0EC6A535F5CD}.Debug|x64.Deploy.0 = Debug|Any CPU
		{DBABF9A9-1A63-4235-A736-0EC6A535F5CD}.Debug|x86.ActiveCfg = Debug|Any CPU
		{DBABF9A9-1A63-4235-A736-0EC6A535F5CD}.Debug|x86.Build.0 = Debug|Any CPU
		{DBABF9A9-1A63-4235-A736-0EC6A535F5CD}.Debug|x86.Deploy.0 = Debug|Any CPU
		{DBABF9A9-1A63-4235-A736-0EC6A535F5CD}.Release|Any CPU.ActiveCfg = Release|Any CPU
		{DBABF9A9-1A63-4235-A736-0EC6A535F5CD}.Release|Any CPU.Build.0 = Release|Any CPU
		{DBABF9A9-1A63-4235-A736-0EC6A535F5CD}.Release|Any CPU.Deploy.0 = Release|Any CPU
		{DBABF9A9-1A63-4235-A736-0EC6A535F5CD}.Release|ARM.ActiveCfg = Release|Any CPU
		{DBABF9A9-1A63-4235-A736-0EC6A535F5CD}.Release|ARM.Build.0 = Release|Any CPU
		{DBABF9A9-1A63-4235-A736-0EC6A535F5CD}.Release|ARM.Deploy.0 = Release|Any CPU
		{DBABF9A9-1A63-4235-A736-0EC6A535F5CD}.Release|iPhone.ActiveCfg = Release|Any CPU
		{DBABF9A9-1A63-4235-A736-0EC6A535F5CD}.Release|iPhone.Build.0 = Release|Any CPU
		{DBABF9A9-1A63-4235-A736-0EC6A535F5CD}.Release|iPhone.Deploy.0 = Release|Any CPU
		{DBABF9A9-1A63-4235-A736-0EC6A535F5CD}.Release|iPhoneSimulator.ActiveCfg = Release|Any CPU
		{DBABF9A9-1A63-4235-A736-0EC6A535F5CD}.Release|iPhoneSimulator.Build.0 = Release|Any CPU
		{DBABF9A9-1A63-4235-A736-0EC6A535F5CD}.Release|iPhoneSimulator.Deploy.0 = Release|Any CPU
		{DBABF9A9-1A63-4235-A736-0EC6A535F5CD}.Release|x64.ActiveCfg = Release|Any CPU
		{DBABF9A9-1A63-4235-A736-0EC6A535F5CD}.Release|x64.Build.0 = Release|Any CPU
		{DBABF9A9-1A63-4235-A736-0EC6A535F5CD}.Release|x64.Deploy.0 = Release|Any CPU
		{DBABF9A9-1A63-4235-A736-0EC6A535F5CD}.Release|x86.ActiveCfg = Release|Any CPU
		{DBABF9A9-1A63-4235-A736-0EC6A535F5CD}.Release|x86.Build.0 = Release|Any CPU
		{DBABF9A9-1A63-4235-A736-0EC6A535F5CD}.Release|x86.Deploy.0 = Release|Any CPU
	EndGlobalSection
	GlobalSection(SolutionProperties) = preSolution
		HideSolutionNode = FALSE
	EndGlobalSection
	GlobalSection(ExtensibilityGlobals) = postSolution
		SolutionGuid = {E6B0FF62-94FD-4A98-805F-78EEEA6CFAD7}
	EndGlobalSection
EndGlobal
